// !$*UTF8*$!
{
	archiveVersion = 1;
	classes = {
	};
	objectVersion = 46;
	objects = {

/* Begin PBXBuildFile section */
		2EA0009AAB6C8B3E274985C6 /* CoinSaverUITests.swift in Sources */ = {isa = PBXBuildFile; fileRef = 2EA00C65255734D68C5B0A61 /* CoinSaverUITests.swift */; };
		2EA00167458826BA1A340A2C /* AppDelegate.swift in Sources */ = {isa = PBXBuildFile; fileRef = 2EA00697FFD3420274800FBC /* AppDelegate.swift */; };
		2EA005A303AE118B614CACA4 /* CoinSaverTests.swift in Sources */ = {isa = PBXBuildFile; fileRef = 2EA0035FBE7210EA6160042E /* CoinSaverTests.swift */; };
		2EA0064EF8B61CE34F9B9267 /* SceneDelegate.swift in Sources */ = {isa = PBXBuildFile; fileRef = 2EA00DB429D707431985A63B /* SceneDelegate.swift */; };
		2EA0096B271B8BF8D4359EF4 /* ViewController.swift in Sources */ = {isa = PBXBuildFile; fileRef = 2EA00549E05281F38E2817B7 /* ViewController.swift */; };
		2EA00A24C1B048C2794D0BAE /* Assets.xcassets in Resources */ = {isa = PBXBuildFile; fileRef = 2EA006CE0C0EC68597CBA2B7 /* Assets.xcassets */; };
		43D27296306B415B41864237 /* Pods_CoinSaver.framework in Frameworks */ = {isa = PBXBuildFile; fileRef = E6F014E4B105BC1346F9CC19 /* Pods_CoinSaver.framework */; };
		5217BE212585143B000FDEDA /* OnboardingView.swift in Sources */ = {isa = PBXBuildFile; fileRef = 5217BE202585143B000FDEDA /* OnboardingView.swift */; };
		5217BE25258514B5000FDEDA /* Onboarding.storyboard in Resources */ = {isa = PBXBuildFile; fileRef = 5217BE24258514B5000FDEDA /* Onboarding.storyboard */; };
		5217BE4025854A34000FDEDA /* GetStartedViewController.swift in Sources */ = {isa = PBXBuildFile; fileRef = 5217BE3F25854A34000FDEDA /* GetStartedViewController.swift */; };
		5217BE4525854D1B000FDEDA /* CostCategoryCell.swift in Sources */ = {isa = PBXBuildFile; fileRef = 5217BE4425854D1B000FDEDA /* CostCategoryCell.swift */; };
		5217BE4B25854EA7000FDEDA /* Consts.swift in Sources */ = {isa = PBXBuildFile; fileRef = 5217BE4A25854EA7000FDEDA /* Consts.swift */; };
		521813D6255F19BF00489CE9 /* SignInViewController.swift in Sources */ = {isa = PBXBuildFile; fileRef = 521813D5255F19BF00489CE9 /* SignInViewController.swift */; };
		521813DE255F19D700489CE9 /* SignUpViewController.swift in Sources */ = {isa = PBXBuildFile; fileRef = 521813DD255F19D700489CE9 /* SignUpViewController.swift */; };
		521813E6255F1B4F00489CE9 /* AuthViewController.swift in Sources */ = {isa = PBXBuildFile; fileRef = 521813E5255F1B4F00489CE9 /* AuthViewController.swift */; };
		521A26B52583EDF30085725A /* GoalFormPopup.storyboard in Resources */ = {isa = PBXBuildFile; fileRef = 521A26B42583EDF30085725A /* GoalFormPopup.storyboard */; };
		521A26BD25840AD80085725A /* GoalCardFormPopupCell.swift in Sources */ = {isa = PBXBuildFile; fileRef = 521A26BC25840AD80085725A /* GoalCardFormPopupCell.swift */; };
		521A26C52584109C0085725A /* NotificationNameExtension.swift in Sources */ = {isa = PBXBuildFile; fileRef = 521A26C42584109C0085725A /* NotificationNameExtension.swift */; };
		523C9D1E25848F0700389A4C /* DatePickerPopupStoryboard.storyboard in Resources */ = {isa = PBXBuildFile; fileRef = 523C9D1D25848F0700389A4C /* DatePickerPopupStoryboard.storyboard */; };
		523C9D232584912800389A4C /* DatePickerPopup.swift in Sources */ = {isa = PBXBuildFile; fileRef = 523C9D222584912800389A4C /* DatePickerPopup.swift */; };
		5245BD9425617B360002A592 /* ConfirmViewController.swift in Sources */ = {isa = PBXBuildFile; fileRef = 5245BD9325617B360002A592 /* ConfirmViewController.swift */; };
		5245BDA1256189770002A592 /* BoardViewController.swift in Sources */ = {isa = PBXBuildFile; fileRef = 5245BDA0256189770002A592 /* BoardViewController.swift */; };
		5245BDA625618CDC0002A592 /* TabBarViewController.swift in Sources */ = {isa = PBXBuildFile; fileRef = 5245BDA525618CDC0002A592 /* TabBarViewController.swift */; };
		5245BDAB256198270002A592 /* SettingsViewController.swift in Sources */ = {isa = PBXBuildFile; fileRef = 5245BDAA256198270002A592 /* SettingsViewController.swift */; };
		5245BDB025619A600002A592 /* GoalsViewController.swift in Sources */ = {isa = PBXBuildFile; fileRef = 5245BDAF25619A600002A592 /* GoalsViewController.swift */; };
		5245BDB525619A6D0002A592 /* BudgetViewController.swift in Sources */ = {isa = PBXBuildFile; fileRef = 5245BDB425619A6D0002A592 /* BudgetViewController.swift */; };
		5245BDCE2561B5280002A592 /* TabItemViewController.swift in Sources */ = {isa = PBXBuildFile; fileRef = 5245BDCD2561B5280002A592 /* TabItemViewController.swift */; };
		528EC6D92584A2D200FCA191 /* CircleView.swift in Sources */ = {isa = PBXBuildFile; fileRef = 528EC6D82584A2D200FCA191 /* CircleView.swift */; };
		528EC6EF2584DC7000FCA191 /* IconColorChange.swift in Sources */ = {isa = PBXBuildFile; fileRef = 528EC6EE2584DC7000FCA191 /* IconColorChange.swift */; };
		52A709B62583934C000252E8 /* AuthorizationViewController.swift in Sources */ = {isa = PBXBuildFile; fileRef = 52A709B42583934C000252E8 /* AuthorizationViewController.swift */; };
		52A709B72583934C000252E8 /* GetStartedCollectionViewCell.swift in Sources */ = {isa = PBXBuildFile; fileRef = 52A709B52583934C000252E8 /* GetStartedCollectionViewCell.swift */; };
		52A709CA25839952000252E8 /* GoalCardView.swift in Sources */ = {isa = PBXBuildFile; fileRef = 52A709C925839952000252E8 /* GoalCardView.swift */; };
		52A709EB2583DA2C000252E8 /* GoalCardFormPopup.swift in Sources */ = {isa = PBXBuildFile; fileRef = 52A709EA2583DA2C000252E8 /* GoalCardFormPopup.swift */; };
		52A709F32583DB3F000252E8 /* FloatingButton.swift in Sources */ = {isa = PBXBuildFile; fileRef = 52A709F22583DB3F000252E8 /* FloatingButton.swift */; };
		52B02A41257D66370024711E /* GoogleService-Info.plist in Resources */ = {isa = PBXBuildFile; fileRef = 52B02A40257D66370024711E /* GoogleService-Info.plist */; };
		52B8188B2586590F0055F0F4 /* Main.storyboard in Resources */ = {isa = PBXBuildFile; fileRef = 52B8188A2586590F0055F0F4 /* Main.storyboard */; };
		52B81890258659D00055F0F4 /* StartViewController.swift in Sources */ = {isa = PBXBuildFile; fileRef = 52B8188F258659D00055F0F4 /* StartViewController.swift */; };
		52C2981D2585F0A80073B876 /* IconButton.swift in Sources */ = {isa = PBXBuildFile; fileRef = 52C2981C2585F0A80073B876 /* IconButton.swift */; };
		52C298262585F7A30073B876 /* HexColor.swift in Sources */ = {isa = PBXBuildFile; fileRef = 52C298252585F7A30073B876 /* HexColor.swift */; };
		52C2982F25860E9B0073B876 /* BasicUserSettings.swift in Sources */ = {isa = PBXBuildFile; fileRef = 52C2982E25860E9B0073B876 /* BasicUserSettings.swift */; };
		52C2983B258615F00073B876 /* UserModel.swift in Sources */ = {isa = PBXBuildFile; fileRef = 52C2983A258615F00073B876 /* UserModel.swift */; };
		52C298402586288A0073B876 /* NavigationController.swift in Sources */ = {isa = PBXBuildFile; fileRef = 52C2983F2586288A0073B876 /* NavigationController.swift */; };
		52C2984525862C330073B876 /* GetStartedStoryboard.storyboard in Resources */ = {isa = PBXBuildFile; fileRef = 52C2984425862C330073B876 /* GetStartedStoryboard.storyboard */; };
		52C2984D25862E330073B876 /* AuthStoryboard.storyboard in Resources */ = {isa = PBXBuildFile; fileRef = 52C2984C25862E330073B876 /* AuthStoryboard.storyboard */; };
		52C2986025863D0C0073B876 /* LaunchScreen.storyboard in Resources */ = {isa = PBXBuildFile; fileRef = 52C2985F25863D0C0073B876 /* LaunchScreen.storyboard */; };
		52C2986525863E880073B876 /* HomeStoryboard.storyboard in Resources */ = {isa = PBXBuildFile; fileRef = 52C2986425863E880073B876 /* HomeStoryboard.storyboard */; };
		52F7E1BF258512FF0095D9D7 /* OnboardingScreenViewController.swift in Sources */ = {isa = PBXBuildFile; fileRef = 52F7E1BE258512FF0095D9D7 /* OnboardingScreenViewController.swift */; };
		7F2F5CFD1B8065BB3B69FE96 /* Pods_CoinSaverTests.framework in Frameworks */ = {isa = PBXBuildFile; fileRef = BB6C9D1C06036A4D7A82783B /* Pods_CoinSaverTests.framework */; };
		A47635873BE570CFC7AC2EA0 /* Pods_CoinSaver_CoinSaverUITests.framework in Frameworks */ = {isa = PBXBuildFile; fileRef = A3B640845E5DDDFA95202D2E /* Pods_CoinSaver_CoinSaverUITests.framework */; };
/* End PBXBuildFile section */

/* Begin PBXContainerItemProxy section */
		2EA004347AB1AA46FB31EDDC /* PBXContainerItemProxy */ = {
			isa = PBXContainerItemProxy;
			containerPortal = 2EA003D145B0A960B3C59412 /* Project object */;
			proxyType = 1;
			remoteGlobalIDString = 2EA00A486BBD8C2BBA0AD7A5;
			remoteInfo = CoinSaver;
		};
		2EA00AD773304AC4CE429142 /* PBXContainerItemProxy */ = {
			isa = PBXContainerItemProxy;
			containerPortal = 2EA003D145B0A960B3C59412 /* Project object */;
			proxyType = 1;
			remoteGlobalIDString = 2EA00A486BBD8C2BBA0AD7A5;
			remoteInfo = CoinSaver;
		};
/* End PBXContainerItemProxy section */

/* Begin PBXFileReference section */
		131BEBB65364B94E88B3D9DA /* Pods-CoinSaverTests.release.xcconfig */ = {isa = PBXFileReference; includeInIndex = 1; lastKnownFileType = text.xcconfig; name = "Pods-CoinSaverTests.release.xcconfig"; path = "Target Support Files/Pods-CoinSaverTests/Pods-CoinSaverTests.release.xcconfig"; sourceTree = "<group>"; };
		17FF7D8DC92958D8E90E8A83 /* Pods-CoinSaverTests.debug.xcconfig */ = {isa = PBXFileReference; includeInIndex = 1; lastKnownFileType = text.xcconfig; name = "Pods-CoinSaverTests.debug.xcconfig"; path = "Target Support Files/Pods-CoinSaverTests/Pods-CoinSaverTests.debug.xcconfig"; sourceTree = "<group>"; };
		2029712A98B5A659C1B8739F /* Pods-CoinSaver-CoinSaverUITests.release.xcconfig */ = {isa = PBXFileReference; includeInIndex = 1; lastKnownFileType = text.xcconfig; name = "Pods-CoinSaver-CoinSaverUITests.release.xcconfig"; path = "Target Support Files/Pods-CoinSaver-CoinSaverUITests/Pods-CoinSaver-CoinSaverUITests.release.xcconfig"; sourceTree = "<group>"; };
		2EA0027DBDA06EFDB89EB80E /* Info.plist */ = {isa = PBXFileReference; lastKnownFileType = text.plist.info; path = Info.plist; sourceTree = "<group>"; };
		2EA0035FBE7210EA6160042E /* CoinSaverTests.swift */ = {isa = PBXFileReference; lastKnownFileType = sourcecode.swift; path = CoinSaverTests.swift; sourceTree = "<group>"; };
		2EA00445D5C9D719B304676D /* Info.plist */ = {isa = PBXFileReference; lastKnownFileType = text.plist.info; path = Info.plist; sourceTree = "<group>"; };
		2EA00549E05281F38E2817B7 /* ViewController.swift */ = {isa = PBXFileReference; lastKnownFileType = sourcecode.swift; path = ViewController.swift; sourceTree = "<group>"; };
		2EA00697FFD3420274800FBC /* AppDelegate.swift */ = {isa = PBXFileReference; lastKnownFileType = sourcecode.swift; path = AppDelegate.swift; sourceTree = "<group>"; };
		2EA006CE0C0EC68597CBA2B7 /* Assets.xcassets */ = {isa = PBXFileReference; lastKnownFileType = folder.assetcatalog; path = Assets.xcassets; sourceTree = "<group>"; };
		2EA0083F1BC9673C9D251EA3 /* CoinSaver.app */ = {isa = PBXFileReference; explicitFileType = wrapper.application; includeInIndex = 0; path = CoinSaver.app; sourceTree = BUILT_PRODUCTS_DIR; };
		2EA00B5A5B916EEC84147852 /* CoinSaverTests.xctest */ = {isa = PBXFileReference; explicitFileType = wrapper.cfbundle; includeInIndex = 0; path = CoinSaverTests.xctest; sourceTree = BUILT_PRODUCTS_DIR; };
		2EA00C65255734D68C5B0A61 /* CoinSaverUITests.swift */ = {isa = PBXFileReference; lastKnownFileType = sourcecode.swift; path = CoinSaverUITests.swift; sourceTree = "<group>"; };
		2EA00DB429D707431985A63B /* SceneDelegate.swift */ = {isa = PBXFileReference; lastKnownFileType = sourcecode.swift; path = SceneDelegate.swift; sourceTree = "<group>"; };
		2EA00E5F6CFE49B640FBD61C /* CoinSaverUITests.xctest */ = {isa = PBXFileReference; explicitFileType = wrapper.cfbundle; includeInIndex = 0; path = CoinSaverUITests.xctest; sourceTree = BUILT_PRODUCTS_DIR; };
		5217BE1A258513E7000FDEDA /* paper_onboarding.framework */ = {isa = PBXFileReference; explicitFileType = wrapper.framework; path = paper_onboarding.framework; sourceTree = BUILT_PRODUCTS_DIR; };
		5217BE202585143B000FDEDA /* OnboardingView.swift */ = {isa = PBXFileReference; lastKnownFileType = sourcecode.swift; path = OnboardingView.swift; sourceTree = "<group>"; };
		5217BE24258514B5000FDEDA /* Onboarding.storyboard */ = {isa = PBXFileReference; fileEncoding = 4; lastKnownFileType = file.storyboard; name = Onboarding.storyboard; path = CoinSaver/Storyboards/Onboarding.storyboard; sourceTree = SOURCE_ROOT; };
		5217BE3F25854A34000FDEDA /* GetStartedViewController.swift */ = {isa = PBXFileReference; lastKnownFileType = sourcecode.swift; path = GetStartedViewController.swift; sourceTree = "<group>"; };
		5217BE4425854D1B000FDEDA /* CostCategoryCell.swift */ = {isa = PBXFileReference; lastKnownFileType = sourcecode.swift; path = CostCategoryCell.swift; sourceTree = "<group>"; };
		5217BE4A25854EA7000FDEDA /* Consts.swift */ = {isa = PBXFileReference; lastKnownFileType = sourcecode.swift; path = Consts.swift; sourceTree = "<group>"; };
		521813D5255F19BF00489CE9 /* SignInViewController.swift */ = {isa = PBXFileReference; lastKnownFileType = sourcecode.swift; path = SignInViewController.swift; sourceTree = "<group>"; };
		521813DD255F19D700489CE9 /* SignUpViewController.swift */ = {isa = PBXFileReference; lastKnownFileType = sourcecode.swift; path = SignUpViewController.swift; sourceTree = "<group>"; };
		521813E5255F1B4F00489CE9 /* AuthViewController.swift */ = {isa = PBXFileReference; lastKnownFileType = sourcecode.swift; path = AuthViewController.swift; sourceTree = "<group>"; };
		521A26B42583EDF30085725A /* GoalFormPopup.storyboard */ = {isa = PBXFileReference; lastKnownFileType = file.storyboard; path = GoalFormPopup.storyboard; sourceTree = "<group>"; };
		521A26BC25840AD80085725A /* GoalCardFormPopupCell.swift */ = {isa = PBXFileReference; lastKnownFileType = sourcecode.swift; path = GoalCardFormPopupCell.swift; sourceTree = "<group>"; };
		521A26C42584109C0085725A /* NotificationNameExtension.swift */ = {isa = PBXFileReference; lastKnownFileType = sourcecode.swift; name = NotificationNameExtension.swift; path = CoinSaver/Views/App/Elements/NotificationNameExtension.swift; sourceTree = SOURCE_ROOT; };
		523C9D1D25848F0700389A4C /* DatePickerPopupStoryboard.storyboard */ = {isa = PBXFileReference; lastKnownFileType = file.storyboard; path = DatePickerPopupStoryboard.storyboard; sourceTree = "<group>"; };
		523C9D222584912800389A4C /* DatePickerPopup.swift */ = {isa = PBXFileReference; lastKnownFileType = sourcecode.swift; path = DatePickerPopup.swift; sourceTree = "<group>"; };
		5245BD9325617B360002A592 /* ConfirmViewController.swift */ = {isa = PBXFileReference; lastKnownFileType = sourcecode.swift; path = ConfirmViewController.swift; sourceTree = "<group>"; };
		5245BDA0256189770002A592 /* BoardViewController.swift */ = {isa = PBXFileReference; lastKnownFileType = sourcecode.swift; path = BoardViewController.swift; sourceTree = "<group>"; };
		5245BDA525618CDC0002A592 /* TabBarViewController.swift */ = {isa = PBXFileReference; lastKnownFileType = sourcecode.swift; path = TabBarViewController.swift; sourceTree = "<group>"; };
		5245BDAA256198270002A592 /* SettingsViewController.swift */ = {isa = PBXFileReference; lastKnownFileType = sourcecode.swift; path = SettingsViewController.swift; sourceTree = "<group>"; };
		5245BDAF25619A600002A592 /* GoalsViewController.swift */ = {isa = PBXFileReference; lastKnownFileType = sourcecode.swift; path = GoalsViewController.swift; sourceTree = "<group>"; };
		5245BDB425619A6D0002A592 /* BudgetViewController.swift */ = {isa = PBXFileReference; lastKnownFileType = sourcecode.swift; path = BudgetViewController.swift; sourceTree = "<group>"; };
		5245BDCD2561B5280002A592 /* TabItemViewController.swift */ = {isa = PBXFileReference; lastKnownFileType = sourcecode.swift; path = TabItemViewController.swift; sourceTree = "<group>"; };
		528EC6D82584A2D200FCA191 /* CircleView.swift */ = {isa = PBXFileReference; lastKnownFileType = sourcecode.swift; path = CircleView.swift; sourceTree = SOURCE_ROOT; };
		528EC6EE2584DC7000FCA191 /* IconColorChange.swift */ = {isa = PBXFileReference; lastKnownFileType = sourcecode.swift; path = IconColorChange.swift; sourceTree = "<group>"; };
		52A709B42583934C000252E8 /* AuthorizationViewController.swift */ = {isa = PBXFileReference; fileEncoding = 4; lastKnownFileType = sourcecode.swift; path = AuthorizationViewController.swift; sourceTree = "<group>"; };
		52A709B52583934C000252E8 /* GetStartedCollectionViewCell.swift */ = {isa = PBXFileReference; fileEncoding = 4; lastKnownFileType = sourcecode.swift; path = GetStartedCollectionViewCell.swift; sourceTree = "<group>"; };
		52A709C925839952000252E8 /* GoalCardView.swift */ = {isa = PBXFileReference; lastKnownFileType = sourcecode.swift; path = GoalCardView.swift; sourceTree = "<group>"; };
		52A709EA2583DA2C000252E8 /* GoalCardFormPopup.swift */ = {isa = PBXFileReference; lastKnownFileType = sourcecode.swift; path = GoalCardFormPopup.swift; sourceTree = "<group>"; };
		52A709F22583DB3F000252E8 /* FloatingButton.swift */ = {isa = PBXFileReference; fileEncoding = 4; lastKnownFileType = sourcecode.swift; name = FloatingButton.swift; path = CoinSaver/Views/App/Elements/FloatingButton.swift; sourceTree = SOURCE_ROOT; };
		52B02A40257D66370024711E /* GoogleService-Info.plist */ = {isa = PBXFileReference; lastKnownFileType = text.plist; name = "GoogleService-Info.plist"; path = "CoinSaver/GoogleService-Info.plist"; sourceTree = SOURCE_ROOT; };
		52B8187F258642250055F0F4 /* Info.plist */ = {isa = PBXFileReference; fileEncoding = 4; lastKnownFileType = text.plist.xml; path = Info.plist; sourceTree = "<group>"; };
		52B8188A2586590F0055F0F4 /* Main.storyboard */ = {isa = PBXFileReference; lastKnownFileType = file.storyboard; path = Main.storyboard; sourceTree = "<group>"; };
		52B8188F258659D00055F0F4 /* StartViewController.swift */ = {isa = PBXFileReference; lastKnownFileType = sourcecode.swift; path = StartViewController.swift; sourceTree = "<group>"; };
		52C2981C2585F0A80073B876 /* IconButton.swift */ = {isa = PBXFileReference; lastKnownFileType = sourcecode.swift; path = IconButton.swift; sourceTree = "<group>"; };
		52C298252585F7A30073B876 /* HexColor.swift */ = {isa = PBXFileReference; lastKnownFileType = sourcecode.swift; path = HexColor.swift; sourceTree = "<group>"; };
		52C2982E25860E9B0073B876 /* BasicUserSettings.swift */ = {isa = PBXFileReference; lastKnownFileType = sourcecode.swift; path = BasicUserSettings.swift; sourceTree = "<group>"; };
		52C2983A258615F00073B876 /* UserModel.swift */ = {isa = PBXFileReference; lastKnownFileType = sourcecode.swift; path = UserModel.swift; sourceTree = "<group>"; };
		52C2983F2586288A0073B876 /* NavigationController.swift */ = {isa = PBXFileReference; lastKnownFileType = sourcecode.swift; path = NavigationController.swift; sourceTree = "<group>"; };
		52C2984425862C330073B876 /* GetStartedStoryboard.storyboard */ = {isa = PBXFileReference; lastKnownFileType = file.storyboard; path = GetStartedStoryboard.storyboard; sourceTree = "<group>"; };
		52C2984C25862E330073B876 /* AuthStoryboard.storyboard */ = {isa = PBXFileReference; lastKnownFileType = file.storyboard; path = AuthStoryboard.storyboard; sourceTree = "<group>"; };
		52C2985F25863D0C0073B876 /* LaunchScreen.storyboard */ = {isa = PBXFileReference; fileEncoding = 4; lastKnownFileType = file.storyboard; name = LaunchScreen.storyboard; path = ../../../../.Trash/LaunchScreen.storyboard; sourceTree = "<group>"; };
		52C2986425863E880073B876 /* HomeStoryboard.storyboard */ = {isa = PBXFileReference; lastKnownFileType = file.storyboard; path = HomeStoryboard.storyboard; sourceTree = "<group>"; };
		52F7E1BE258512FF0095D9D7 /* OnboardingScreenViewController.swift */ = {isa = PBXFileReference; lastKnownFileType = sourcecode.swift; path = OnboardingScreenViewController.swift; sourceTree = "<group>"; };
		99BB027AB7D3FDEC0DCAC269 /* Pods-CoinSaver-CoinSaverUITests.debug.xcconfig */ = {isa = PBXFileReference; includeInIndex = 1; lastKnownFileType = text.xcconfig; name = "Pods-CoinSaver-CoinSaverUITests.debug.xcconfig"; path = "Target Support Files/Pods-CoinSaver-CoinSaverUITests/Pods-CoinSaver-CoinSaverUITests.debug.xcconfig"; sourceTree = "<group>"; };
		9EFEFDDE3AB52C546ADC6D7B /* Pods-CoinSaver.release.xcconfig */ = {isa = PBXFileReference; includeInIndex = 1; lastKnownFileType = text.xcconfig; name = "Pods-CoinSaver.release.xcconfig"; path = "Target Support Files/Pods-CoinSaver/Pods-CoinSaver.release.xcconfig"; sourceTree = "<group>"; };
		A3B640845E5DDDFA95202D2E /* Pods_CoinSaver_CoinSaverUITests.framework */ = {isa = PBXFileReference; explicitFileType = wrapper.framework; includeInIndex = 0; path = Pods_CoinSaver_CoinSaverUITests.framework; sourceTree = BUILT_PRODUCTS_DIR; };
		A5D75779BF6977EEC6B2AF24 /* Pods-CoinSaver.debug.xcconfig */ = {isa = PBXFileReference; includeInIndex = 1; lastKnownFileType = text.xcconfig; name = "Pods-CoinSaver.debug.xcconfig"; path = "Target Support Files/Pods-CoinSaver/Pods-CoinSaver.debug.xcconfig"; sourceTree = "<group>"; };
		BB6C9D1C06036A4D7A82783B /* Pods_CoinSaverTests.framework */ = {isa = PBXFileReference; explicitFileType = wrapper.framework; includeInIndex = 0; path = Pods_CoinSaverTests.framework; sourceTree = BUILT_PRODUCTS_DIR; };
		E6F014E4B105BC1346F9CC19 /* Pods_CoinSaver.framework */ = {isa = PBXFileReference; explicitFileType = wrapper.framework; includeInIndex = 0; path = Pods_CoinSaver.framework; sourceTree = BUILT_PRODUCTS_DIR; };
/* End PBXFileReference section */

/* Begin PBXFrameworksBuildPhase section */
		2EA00108352EC086ABC91BA5 /* Frameworks */ = {
			isa = PBXFrameworksBuildPhase;
			buildActionMask = 2147483647;
			files = (
				7F2F5CFD1B8065BB3B69FE96 /* Pods_CoinSaverTests.framework in Frameworks */,
			);
			runOnlyForDeploymentPostprocessing = 0;
		};
		2EA00C8464B3CF86D1F68A8A /* Frameworks */ = {
			isa = PBXFrameworksBuildPhase;
			buildActionMask = 2147483647;
			files = (
				A47635873BE570CFC7AC2EA0 /* Pods_CoinSaver_CoinSaverUITests.framework in Frameworks */,
			);
			runOnlyForDeploymentPostprocessing = 0;
		};
		2EA00EE9819D076B62B2D53E /* Frameworks */ = {
			isa = PBXFrameworksBuildPhase;
			buildActionMask = 2147483647;
			files = (
				43D27296306B415B41864237 /* Pods_CoinSaver.framework in Frameworks */,
			);
			runOnlyForDeploymentPostprocessing = 0;
		};
/* End PBXFrameworksBuildPhase section */

/* Begin PBXGroup section */
		0732DE0E826B9289499B4374 /* Pods */ = {
			isa = PBXGroup;
			children = (
				A5D75779BF6977EEC6B2AF24 /* Pods-CoinSaver.debug.xcconfig */,
				9EFEFDDE3AB52C546ADC6D7B /* Pods-CoinSaver.release.xcconfig */,
				99BB027AB7D3FDEC0DCAC269 /* Pods-CoinSaver-CoinSaverUITests.debug.xcconfig */,
				2029712A98B5A659C1B8739F /* Pods-CoinSaver-CoinSaverUITests.release.xcconfig */,
				17FF7D8DC92958D8E90E8A83 /* Pods-CoinSaverTests.debug.xcconfig */,
				131BEBB65364B94E88B3D9DA /* Pods-CoinSaverTests.release.xcconfig */,
			);
			path = Pods;
			sourceTree = "<group>";
		};
		2EA0011D8EEA6D54CCC691C7 /* Products */ = {
			isa = PBXGroup;
			children = (
				2EA0083F1BC9673C9D251EA3 /* CoinSaver.app */,
				2EA00B5A5B916EEC84147852 /* CoinSaverTests.xctest */,
				2EA00E5F6CFE49B640FBD61C /* CoinSaverUITests.xctest */,
			);
			name = Products;
			sourceTree = "<group>";
		};
		2EA0026881BA21A57062B56A /* CoinSaverTests */ = {
			isa = PBXGroup;
			children = (
				2EA00445D5C9D719B304676D /* Info.plist */,
				2EA0035FBE7210EA6160042E /* CoinSaverTests.swift */,
			);
			path = CoinSaverTests;
			sourceTree = "<group>";
		};
		2EA00B41B84C651D9B78D068 /* CoinSaverUITests */ = {
			isa = PBXGroup;
			children = (
				2EA0027DBDA06EFDB89EB80E /* Info.plist */,
				2EA00C65255734D68C5B0A61 /* CoinSaverUITests.swift */,
			);
			path = CoinSaverUITests;
			sourceTree = "<group>";
		};
		2EA00C96E44106F201DFE980 /* CoinSaver */ = {
			isa = PBXGroup;
			children = (
				52C29839258615E60073B876 /* Models */,
				52C2982D25860E870073B876 /* UserDefaults */,
				5217BE4925854E8F000FDEDA /* Consts */,
				5217BE302585327F000FDEDA /* Storyboards */,
				521813CC255F18F600489CE9 /* Views */,
				2EA006CE0C0EC68597CBA2B7 /* Assets.xcassets */,
				2EA00697FFD3420274800FBC /* AppDelegate.swift */,
				2EA00DB429D707431985A63B /* SceneDelegate.swift */,
				52B8187F258642250055F0F4 /* Info.plist */,
				2EA00549E05281F38E2817B7 /* ViewController.swift */,
			);
			path = CoinSaver;
			sourceTree = "<group>";
		};
		2EA00D68F376F88DB49994BF = {
			isa = PBXGroup;
			children = (
				52B02A3C257D65FF0024711E /* Resources */,
				5245BDC12561A3C50002A592 /* Extensions */,
				2EA0011D8EEA6D54CCC691C7 /* Products */,
				2EA00C96E44106F201DFE980 /* CoinSaver */,
				2EA0026881BA21A57062B56A /* CoinSaverTests */,
				2EA00B41B84C651D9B78D068 /* CoinSaverUITests */,
				0732DE0E826B9289499B4374 /* Pods */,
				8F64DBB02B631CB251A2ED94 /* Frameworks */,
			);
			sourceTree = "<group>";
		};
		5217BE302585327F000FDEDA /* Storyboards */ = {
			isa = PBXGroup;
			children = (
				52C2985F25863D0C0073B876 /* LaunchScreen.storyboard */,
				5217BE24258514B5000FDEDA /* Onboarding.storyboard */,
				521A26B42583EDF30085725A /* GoalFormPopup.storyboard */,
				523C9D1D25848F0700389A4C /* DatePickerPopupStoryboard.storyboard */,
				52C2984425862C330073B876 /* GetStartedStoryboard.storyboard */,
				52C2984C25862E330073B876 /* AuthStoryboard.storyboard */,
				52C2986425863E880073B876 /* HomeStoryboard.storyboard */,
				52B8188A2586590F0055F0F4 /* Main.storyboard */,
			);
			path = Storyboards;
			sourceTree = "<group>";
		};
		5217BE4925854E8F000FDEDA /* Consts */ = {
			isa = PBXGroup;
			children = (
				5217BE4A25854EA7000FDEDA /* Consts.swift */,
			);
			path = Consts;
			sourceTree = "<group>";
		};
		521813CC255F18F600489CE9 /* Views */ = {
			isa = PBXGroup;
			children = (
				52A709DC2583D61A000252E8 /* App */,
				52A709DB2583D5EF000252E8 /* Authorization */,
			);
			path = Views;
			sourceTree = "<group>";
		};
		5245BDC12561A3C50002A592 /* Extensions */ = {
			isa = PBXGroup;
			children = (
				52A709F22583DB3F000252E8 /* FloatingButton.swift */,
				521A26C42584109C0085725A /* NotificationNameExtension.swift */,
				528EC6D82584A2D200FCA191 /* CircleView.swift */,
				528EC6EE2584DC7000FCA191 /* IconColorChange.swift */,
				52C2981C2585F0A80073B876 /* IconButton.swift */,
				52C298252585F7A30073B876 /* HexColor.swift */,
			);
			path = Extensions;
			sourceTree = "<group>";
		};
		52A709DB2583D5EF000252E8 /* Authorization */ = {
			isa = PBXGroup;
			children = (
				52A709B42583934C000252E8 /* AuthorizationViewController.swift */,
				52A709B52583934C000252E8 /* GetStartedCollectionViewCell.swift */,
				521813D5255F19BF00489CE9 /* SignInViewController.swift */,
				521813DD255F19D700489CE9 /* SignUpViewController.swift */,
				521813E5255F1B4F00489CE9 /* AuthViewController.swift */,
				5245BD9325617B360002A592 /* ConfirmViewController.swift */,
			);
			path = Authorization;
			sourceTree = "<group>";
		};
		52A709DC2583D61A000252E8 /* App */ = {
			isa = PBXGroup;
			children = (
				52F7E1BD258512CD0095D9D7 /* Onboarding */,
				52A709DE2583D745000252E8 /* Popup */,
				52B02A56257D69E20024711E /* Elements */,
				52A709DD2583D637000252E8 /* Base */,
				5245BDB425619A6D0002A592 /* BudgetViewController.swift */,
				5245BDAF25619A600002A592 /* GoalsViewController.swift */,
				5245BDAA256198270002A592 /* SettingsViewController.swift */,
				5245BDA0256189770002A592 /* BoardViewController.swift */,
			);
			path = App;
			sourceTree = "<group>";
		};
		52A709DD2583D637000252E8 /* Base */ = {
			isa = PBXGroup;
			children = (
				5245BDA525618CDC0002A592 /* TabBarViewController.swift */,
				5245BDCD2561B5280002A592 /* TabItemViewController.swift */,
				52C2983F2586288A0073B876 /* NavigationController.swift */,
				52B8188F258659D00055F0F4 /* StartViewController.swift */,
			);
			path = Base;
			sourceTree = "<group>";
		};
		52A709DE2583D745000252E8 /* Popup */ = {
			isa = PBXGroup;
			children = (
				52A709EA2583DA2C000252E8 /* GoalCardFormPopup.swift */,
				523C9D222584912800389A4C /* DatePickerPopup.swift */,
			);
			path = Popup;
			sourceTree = "<group>";
		};
		52B02A3C257D65FF0024711E /* Resources */ = {
			isa = PBXGroup;
			children = (
				52B02A40257D66370024711E /* GoogleService-Info.plist */,
			);
			path = Resources;
			sourceTree = "<group>";
		};
		52B02A56257D69E20024711E /* Elements */ = {
			isa = PBXGroup;
			children = (
				52A709C925839952000252E8 /* GoalCardView.swift */,
				521A26BC25840AD80085725A /* GoalCardFormPopupCell.swift */,
				5217BE202585143B000FDEDA /* OnboardingView.swift */,
				5217BE4425854D1B000FDEDA /* CostCategoryCell.swift */,
			);
			path = Elements;
			sourceTree = "<group>";
		};
		52C2982D25860E870073B876 /* UserDefaults */ = {
			isa = PBXGroup;
			children = (
				52C2982E25860E9B0073B876 /* BasicUserSettings.swift */,
			);
			path = UserDefaults;
			sourceTree = "<group>";
		};
		52C29839258615E60073B876 /* Models */ = {
			isa = PBXGroup;
			children = (
				52C2983A258615F00073B876 /* UserModel.swift */,
			);
			path = Models;
			sourceTree = "<group>";
		};
		52F7E1BD258512CD0095D9D7 /* Onboarding */ = {
			isa = PBXGroup;
			children = (
				52F7E1BE258512FF0095D9D7 /* OnboardingScreenViewController.swift */,
				5217BE3F25854A34000FDEDA /* GetStartedViewController.swift */,
			);
			path = Onboarding;
			sourceTree = "<group>";
		};
		8F64DBB02B631CB251A2ED94 /* Frameworks */ = {
			isa = PBXGroup;
			children = (
				5217BE1A258513E7000FDEDA /* paper_onboarding.framework */,
				E6F014E4B105BC1346F9CC19 /* Pods_CoinSaver.framework */,
				A3B640845E5DDDFA95202D2E /* Pods_CoinSaver_CoinSaverUITests.framework */,
				BB6C9D1C06036A4D7A82783B /* Pods_CoinSaverTests.framework */,
			);
			name = Frameworks;
			sourceTree = "<group>";
		};
/* End PBXGroup section */

/* Begin PBXNativeTarget section */
		2EA009ED9AA815B2BB6E6837 /* CoinSaverTests */ = {
			isa = PBXNativeTarget;
			buildConfigurationList = 2EA006C6477609CD0983E193 /* Build configuration list for PBXNativeTarget "CoinSaverTests" */;
			buildPhases = (
				8FBFFBA972FD5086518FA2D3 /* [CP] Check Pods Manifest.lock */,
				2EA00D9D27D06E4DCE157FC5 /* Sources */,
				2EA00108352EC086ABC91BA5 /* Frameworks */,
				2EA00CF3A818C5A3AA611AD0 /* Resources */,
			);
			buildRules = (
			);
			dependencies = (
				2EA00C6CA5FCDA6B5FD92C73 /* PBXTargetDependency */,
			);
			name = CoinSaverTests;
			productName = CoinSaverTests;
			productReference = 2EA00B5A5B916EEC84147852 /* CoinSaverTests.xctest */;
			productType = "com.apple.product-type.bundle.unit-test";
		};
		2EA00A486BBD8C2BBA0AD7A5 /* CoinSaver */ = {
			isa = PBXNativeTarget;
			buildConfigurationList = 2EA00A8AA08F37D7C0A36A28 /* Build configuration list for PBXNativeTarget "CoinSaver" */;
			buildPhases = (
				3D63F0F9CBBB5D97124AF9E3 /* [CP] Check Pods Manifest.lock */,
				2EA003C2F702C7CA90700923 /* Sources */,
				2EA00EE9819D076B62B2D53E /* Frameworks */,
				2EA003DFDBB896EDAC1BF810 /* Resources */,
				F82ACCE207C8C48016F35250 /* [CP] Embed Pods Frameworks */,
			);
			buildRules = (
			);
			dependencies = (
			);
			name = CoinSaver;
			productName = CoinSaver;
			productReference = 2EA0083F1BC9673C9D251EA3 /* CoinSaver.app */;
			productType = "com.apple.product-type.application";
		};
		2EA00C322DB2129D84AA48A6 /* CoinSaverUITests */ = {
			isa = PBXNativeTarget;
			buildConfigurationList = 2EA0055A8C0F7513403E8929 /* Build configuration list for PBXNativeTarget "CoinSaverUITests" */;
			buildPhases = (
				2A321C6B4A17C85BDD3AF3FE /* [CP] Check Pods Manifest.lock */,
				2EA0070C377B35C08DF08151 /* Sources */,
				2EA00C8464B3CF86D1F68A8A /* Frameworks */,
				2EA00643C9D7F01CA6B8D027 /* Resources */,
				7CD2DE6FA4265AC0CAB0DE0A /* [CP] Embed Pods Frameworks */,
			);
			buildRules = (
			);
			dependencies = (
				2EA00F3C1B079DB75B71F584 /* PBXTargetDependency */,
			);
			name = CoinSaverUITests;
			productName = CoinSaverUITests;
			productReference = 2EA00E5F6CFE49B640FBD61C /* CoinSaverUITests.xctest */;
			productType = "com.apple.product-type.bundle.ui-testing";
		};
/* End PBXNativeTarget section */

/* Begin PBXProject section */
		2EA003D145B0A960B3C59412 /* Project object */ = {
			isa = PBXProject;
			attributes = {
				LastUpgradeCheck = 1200;
			};
			buildConfigurationList = 2EA00F967115B8027D4A31AA /* Build configuration list for PBXProject "CoinSaver" */;
			compatibilityVersion = "Xcode 3.2";
			developmentRegion = en;
			hasScannedForEncodings = 0;
			knownRegions = (
				en,
				Base,
			);
			mainGroup = 2EA00D68F376F88DB49994BF;
			productRefGroup = 2EA0011D8EEA6D54CCC691C7 /* Products */;
			projectDirPath = "";
			projectRoot = "";
			targets = (
				2EA00A486BBD8C2BBA0AD7A5 /* CoinSaver */,
				2EA009ED9AA815B2BB6E6837 /* CoinSaverTests */,
				2EA00C322DB2129D84AA48A6 /* CoinSaverUITests */,
			);
		};
/* End PBXProject section */

/* Begin PBXResourcesBuildPhase section */
		2EA003DFDBB896EDAC1BF810 /* Resources */ = {
			isa = PBXResourcesBuildPhase;
			buildActionMask = 2147483647;
			files = (
				52C2986025863D0C0073B876 /* LaunchScreen.storyboard in Resources */,
				52B8188B2586590F0055F0F4 /* Main.storyboard in Resources */,
				2EA00A24C1B048C2794D0BAE /* Assets.xcassets in Resources */,
				52B02A41257D66370024711E /* GoogleService-Info.plist in Resources */,
				52C2984D25862E330073B876 /* AuthStoryboard.storyboard in Resources */,
				52C2986525863E880073B876 /* HomeStoryboard.storyboard in Resources */,
				521A26B52583EDF30085725A /* GoalFormPopup.storyboard in Resources */,
				523C9D1E25848F0700389A4C /* DatePickerPopupStoryboard.storyboard in Resources */,
				52C2984525862C330073B876 /* GetStartedStoryboard.storyboard in Resources */,
				5217BE25258514B5000FDEDA /* Onboarding.storyboard in Resources */,
			);
			runOnlyForDeploymentPostprocessing = 0;
		};
		2EA00643C9D7F01CA6B8D027 /* Resources */ = {
			isa = PBXResourcesBuildPhase;
			buildActionMask = 2147483647;
			files = (
			);
			runOnlyForDeploymentPostprocessing = 0;
		};
		2EA00CF3A818C5A3AA611AD0 /* Resources */ = {
			isa = PBXResourcesBuildPhase;
			buildActionMask = 2147483647;
			files = (
			);
			runOnlyForDeploymentPostprocessing = 0;
		};
/* End PBXResourcesBuildPhase section */

/* Begin PBXShellScriptBuildPhase section */
		2A321C6B4A17C85BDD3AF3FE /* [CP] Check Pods Manifest.lock */ = {
			isa = PBXShellScriptBuildPhase;
			buildActionMask = 2147483647;
			files = (
			);
			inputFileListPaths = (
			);
			inputPaths = (
				"${PODS_PODFILE_DIR_PATH}/Podfile.lock",
				"${PODS_ROOT}/Manifest.lock",
			);
			name = "[CP] Check Pods Manifest.lock";
			outputFileListPaths = (
			);
			outputPaths = (
				"$(DERIVED_FILE_DIR)/Pods-CoinSaver-CoinSaverUITests-checkManifestLockResult.txt",
			);
			runOnlyForDeploymentPostprocessing = 0;
			shellPath = /bin/sh;
			shellScript = "diff \"${PODS_PODFILE_DIR_PATH}/Podfile.lock\" \"${PODS_ROOT}/Manifest.lock\" > /dev/null\nif [ $? != 0 ] ; then\n    # print error to STDERR\n    echo \"error: The sandbox is not in sync with the Podfile.lock. Run 'pod install' or update your CocoaPods installation.\" >&2\n    exit 1\nfi\n# This output is used by Xcode 'outputs' to avoid re-running this script phase.\necho \"SUCCESS\" > \"${SCRIPT_OUTPUT_FILE_0}\"\n";
			showEnvVarsInLog = 0;
		};
		3D63F0F9CBBB5D97124AF9E3 /* [CP] Check Pods Manifest.lock */ = {
			isa = PBXShellScriptBuildPhase;
			buildActionMask = 2147483647;
			files = (
			);
			inputFileListPaths = (
			);
			inputPaths = (
				"${PODS_PODFILE_DIR_PATH}/Podfile.lock",
				"${PODS_ROOT}/Manifest.lock",
			);
			name = "[CP] Check Pods Manifest.lock";
			outputFileListPaths = (
			);
			outputPaths = (
				"$(DERIVED_FILE_DIR)/Pods-CoinSaver-checkManifestLockResult.txt",
			);
			runOnlyForDeploymentPostprocessing = 0;
			shellPath = /bin/sh;
			shellScript = "diff \"${PODS_PODFILE_DIR_PATH}/Podfile.lock\" \"${PODS_ROOT}/Manifest.lock\" > /dev/null\nif [ $? != 0 ] ; then\n    # print error to STDERR\n    echo \"error: The sandbox is not in sync with the Podfile.lock. Run 'pod install' or update your CocoaPods installation.\" >&2\n    exit 1\nfi\n# This output is used by Xcode 'outputs' to avoid re-running this script phase.\necho \"SUCCESS\" > \"${SCRIPT_OUTPUT_FILE_0}\"\n";
			showEnvVarsInLog = 0;
		};
		7CD2DE6FA4265AC0CAB0DE0A /* [CP] Embed Pods Frameworks */ = {
			isa = PBXShellScriptBuildPhase;
			buildActionMask = 2147483647;
			files = (
			);
			inputPaths = (
				"${PODS_ROOT}/Target Support Files/Pods-CoinSaver-CoinSaverUITests/Pods-CoinSaver-CoinSaverUITests-frameworks.sh",
				"${BUILT_PRODUCTS_DIR}/Charts/Charts.framework",
				"${BUILT_PRODUCTS_DIR}/FirebaseAuth/FirebaseAuth.framework",
				"${BUILT_PRODUCTS_DIR}/FirebaseCore/FirebaseCore.framework",
				"${BUILT_PRODUCTS_DIR}/FirebaseCoreDiagnostics/FirebaseCoreDiagnostics.framework",
				"${BUILT_PRODUCTS_DIR}/FirebaseDatabase/FirebaseDatabase.framework",
				"${BUILT_PRODUCTS_DIR}/FirebaseInstallations/FirebaseInstallations.framework",
				"${BUILT_PRODUCTS_DIR}/GTMSessionFetcher/GTMSessionFetcher.framework",
				"${BUILT_PRODUCTS_DIR}/GoogleDataTransport/GoogleDataTransport.framework",
				"${BUILT_PRODUCTS_DIR}/GoogleUtilities/GoogleUtilities.framework",
				"${BUILT_PRODUCTS_DIR}/MonthYearPicker/MonthYearPicker.framework",
				"${BUILT_PRODUCTS_DIR}/PromisesObjC/FBLPromises.framework",
				"${BUILT_PRODUCTS_DIR}/leveldb-library/leveldb.framework",
				"${BUILT_PRODUCTS_DIR}/nanopb/nanopb.framework",
				"${BUILT_PRODUCTS_DIR}/paper-onboarding/paper_onboarding.framework",
			);
			name = "[CP] Embed Pods Frameworks";
			outputPaths = (
				"${TARGET_BUILD_DIR}/${FRAMEWORKS_FOLDER_PATH}/Charts.framework",
				"${TARGET_BUILD_DIR}/${FRAMEWORKS_FOLDER_PATH}/FirebaseAuth.framework",
				"${TARGET_BUILD_DIR}/${FRAMEWORKS_FOLDER_PATH}/FirebaseCore.framework",
				"${TARGET_BUILD_DIR}/${FRAMEWORKS_FOLDER_PATH}/FirebaseCoreDiagnostics.framework",
				"${TARGET_BUILD_DIR}/${FRAMEWORKS_FOLDER_PATH}/FirebaseDatabase.framework",
				"${TARGET_BUILD_DIR}/${FRAMEWORKS_FOLDER_PATH}/FirebaseInstallations.framework",
				"${TARGET_BUILD_DIR}/${FRAMEWORKS_FOLDER_PATH}/GTMSessionFetcher.framework",
				"${TARGET_BUILD_DIR}/${FRAMEWORKS_FOLDER_PATH}/GoogleDataTransport.framework",
				"${TARGET_BUILD_DIR}/${FRAMEWORKS_FOLDER_PATH}/GoogleUtilities.framework",
				"${TARGET_BUILD_DIR}/${FRAMEWORKS_FOLDER_PATH}/MonthYearPicker.framework",
				"${TARGET_BUILD_DIR}/${FRAMEWORKS_FOLDER_PATH}/FBLPromises.framework",
				"${TARGET_BUILD_DIR}/${FRAMEWORKS_FOLDER_PATH}/leveldb.framework",
				"${TARGET_BUILD_DIR}/${FRAMEWORKS_FOLDER_PATH}/nanopb.framework",
				"${TARGET_BUILD_DIR}/${FRAMEWORKS_FOLDER_PATH}/paper_onboarding.framework",
			);
			runOnlyForDeploymentPostprocessing = 0;
			shellPath = /bin/sh;
			shellScript = "\"${PODS_ROOT}/Target Support Files/Pods-CoinSaver-CoinSaverUITests/Pods-CoinSaver-CoinSaverUITests-frameworks.sh\"\n";
			showEnvVarsInLog = 0;
		};
		8FBFFBA972FD5086518FA2D3 /* [CP] Check Pods Manifest.lock */ = {
			isa = PBXShellScriptBuildPhase;
			buildActionMask = 2147483647;
			files = (
			);
			inputFileListPaths = (
			);
			inputPaths = (
				"${PODS_PODFILE_DIR_PATH}/Podfile.lock",
				"${PODS_ROOT}/Manifest.lock",
			);
			name = "[CP] Check Pods Manifest.lock";
			outputFileListPaths = (
			);
			outputPaths = (
				"$(DERIVED_FILE_DIR)/Pods-CoinSaverTests-checkManifestLockResult.txt",
			);
			runOnlyForDeploymentPostprocessing = 0;
			shellPath = /bin/sh;
			shellScript = "diff \"${PODS_PODFILE_DIR_PATH}/Podfile.lock\" \"${PODS_ROOT}/Manifest.lock\" > /dev/null\nif [ $? != 0 ] ; then\n    # print error to STDERR\n    echo \"error: The sandbox is not in sync with the Podfile.lock. Run 'pod install' or update your CocoaPods installation.\" >&2\n    exit 1\nfi\n# This output is used by Xcode 'outputs' to avoid re-running this script phase.\necho \"SUCCESS\" > \"${SCRIPT_OUTPUT_FILE_0}\"\n";
			showEnvVarsInLog = 0;
		};
		F82ACCE207C8C48016F35250 /* [CP] Embed Pods Frameworks */ = {
			isa = PBXShellScriptBuildPhase;
			buildActionMask = 2147483647;
			files = (
			);
			inputPaths = (
				"${PODS_ROOT}/Target Support Files/Pods-CoinSaver/Pods-CoinSaver-frameworks.sh",
				"${BUILT_PRODUCTS_DIR}/Charts/Charts.framework",
				"${BUILT_PRODUCTS_DIR}/FirebaseAuth/FirebaseAuth.framework",
				"${BUILT_PRODUCTS_DIR}/FirebaseCore/FirebaseCore.framework",
				"${BUILT_PRODUCTS_DIR}/FirebaseCoreDiagnostics/FirebaseCoreDiagnostics.framework",
				"${BUILT_PRODUCTS_DIR}/FirebaseDatabase/FirebaseDatabase.framework",
				"${BUILT_PRODUCTS_DIR}/FirebaseInstallations/FirebaseInstallations.framework",
				"${BUILT_PRODUCTS_DIR}/GTMSessionFetcher/GTMSessionFetcher.framework",
				"${BUILT_PRODUCTS_DIR}/GoogleDataTransport/GoogleDataTransport.framework",
				"${BUILT_PRODUCTS_DIR}/GoogleUtilities/GoogleUtilities.framework",
				"${BUILT_PRODUCTS_DIR}/MonthYearPicker/MonthYearPicker.framework",
				"${BUILT_PRODUCTS_DIR}/PromisesObjC/FBLPromises.framework",
				"${BUILT_PRODUCTS_DIR}/leveldb-library/leveldb.framework",
				"${BUILT_PRODUCTS_DIR}/nanopb/nanopb.framework",
				"${BUILT_PRODUCTS_DIR}/paper-onboarding/paper_onboarding.framework",
			);
			name = "[CP] Embed Pods Frameworks";
			outputPaths = (
				"${TARGET_BUILD_DIR}/${FRAMEWORKS_FOLDER_PATH}/Charts.framework",
				"${TARGET_BUILD_DIR}/${FRAMEWORKS_FOLDER_PATH}/FirebaseAuth.framework",
				"${TARGET_BUILD_DIR}/${FRAMEWORKS_FOLDER_PATH}/FirebaseCore.framework",
				"${TARGET_BUILD_DIR}/${FRAMEWORKS_FOLDER_PATH}/FirebaseCoreDiagnostics.framework",
				"${TARGET_BUILD_DIR}/${FRAMEWORKS_FOLDER_PATH}/FirebaseDatabase.framework",
				"${TARGET_BUILD_DIR}/${FRAMEWORKS_FOLDER_PATH}/FirebaseInstallations.framework",
				"${TARGET_BUILD_DIR}/${FRAMEWORKS_FOLDER_PATH}/GTMSessionFetcher.framework",
				"${TARGET_BUILD_DIR}/${FRAMEWORKS_FOLDER_PATH}/GoogleDataTransport.framework",
				"${TARGET_BUILD_DIR}/${FRAMEWORKS_FOLDER_PATH}/GoogleUtilities.framework",
				"${TARGET_BUILD_DIR}/${FRAMEWORKS_FOLDER_PATH}/MonthYearPicker.framework",
				"${TARGET_BUILD_DIR}/${FRAMEWORKS_FOLDER_PATH}/FBLPromises.framework",
				"${TARGET_BUILD_DIR}/${FRAMEWORKS_FOLDER_PATH}/leveldb.framework",
				"${TARGET_BUILD_DIR}/${FRAMEWORKS_FOLDER_PATH}/nanopb.framework",
				"${TARGET_BUILD_DIR}/${FRAMEWORKS_FOLDER_PATH}/paper_onboarding.framework",
			);
			runOnlyForDeploymentPostprocessing = 0;
			shellPath = /bin/sh;
			shellScript = "\"${PODS_ROOT}/Target Support Files/Pods-CoinSaver/Pods-CoinSaver-frameworks.sh\"\n";
			showEnvVarsInLog = 0;
		};
/* End PBXShellScriptBuildPhase section */

/* Begin PBXSourcesBuildPhase section */
		2EA003C2F702C7CA90700923 /* Sources */ = {
			isa = PBXSourcesBuildPhase;
			buildActionMask = 2147483647;
			files = (
				521813DE255F19D700489CE9 /* SignUpViewController.swift in Sources */,
				5217BE4B25854EA7000FDEDA /* Consts.swift in Sources */,
				2EA00167458826BA1A340A2C /* AppDelegate.swift in Sources */,
				5217BE4525854D1B000FDEDA /* CostCategoryCell.swift in Sources */,
				5245BDCE2561B5280002A592 /* TabItemViewController.swift in Sources */,
				52A709B62583934C000252E8 /* AuthorizationViewController.swift in Sources */,
				52A709EB2583DA2C000252E8 /* GoalCardFormPopup.swift in Sources */,
				52C298262585F7A30073B876 /* HexColor.swift in Sources */,
				528EC6EF2584DC7000FCA191 /* IconColorChange.swift in Sources */,
				52A709F32583DB3F000252E8 /* FloatingButton.swift in Sources */,
				528EC6D92584A2D200FCA191 /* CircleView.swift in Sources */,
				52A709B72583934C000252E8 /* GetStartedCollectionViewCell.swift in Sources */,
				2EA0064EF8B61CE34F9B9267 /* SceneDelegate.swift in Sources */,
				52A709CA25839952000252E8 /* GoalCardView.swift in Sources */,
				52C2981D2585F0A80073B876 /* IconButton.swift in Sources */,
				5245BDAB256198270002A592 /* SettingsViewController.swift in Sources */,
				5245BDA1256189770002A592 /* BoardViewController.swift in Sources */,
				5217BE4025854A34000FDEDA /* GetStartedViewController.swift in Sources */,
				5245BDA625618CDC0002A592 /* TabBarViewController.swift in Sources */,
				52C2982F25860E9B0073B876 /* BasicUserSettings.swift in Sources */,
				521813D6255F19BF00489CE9 /* SignInViewController.swift in Sources */,
				5245BDB525619A6D0002A592 /* BudgetViewController.swift in Sources */,
				52C298402586288A0073B876 /* NavigationController.swift in Sources */,
				523C9D232584912800389A4C /* DatePickerPopup.swift in Sources */,
				521813E6255F1B4F00489CE9 /* AuthViewController.swift in Sources */,
				5217BE212585143B000FDEDA /* OnboardingView.swift in Sources */,
				5245BD9425617B360002A592 /* ConfirmViewController.swift in Sources */,
				52B81890258659D00055F0F4 /* StartViewController.swift in Sources */,
				52C2983B258615F00073B876 /* UserModel.swift in Sources */,
				5245BDB025619A600002A592 /* GoalsViewController.swift in Sources */,
				521A26BD25840AD80085725A /* GoalCardFormPopupCell.swift in Sources */,
				2EA0096B271B8BF8D4359EF4 /* ViewController.swift in Sources */,
				52F7E1BF258512FF0095D9D7 /* OnboardingScreenViewController.swift in Sources */,
				521A26C52584109C0085725A /* NotificationNameExtension.swift in Sources */,
			);
			runOnlyForDeploymentPostprocessing = 0;
		};
		2EA0070C377B35C08DF08151 /* Sources */ = {
			isa = PBXSourcesBuildPhase;
			buildActionMask = 2147483647;
			files = (
				2EA0009AAB6C8B3E274985C6 /* CoinSaverUITests.swift in Sources */,
			);
			runOnlyForDeploymentPostprocessing = 0;
		};
		2EA00D9D27D06E4DCE157FC5 /* Sources */ = {
			isa = PBXSourcesBuildPhase;
			buildActionMask = 2147483647;
			files = (
				2EA005A303AE118B614CACA4 /* CoinSaverTests.swift in Sources */,
			);
			runOnlyForDeploymentPostprocessing = 0;
		};
/* End PBXSourcesBuildPhase section */

/* Begin PBXTargetDependency section */
		2EA00C6CA5FCDA6B5FD92C73 /* PBXTargetDependency */ = {
			isa = PBXTargetDependency;
			target = 2EA00A486BBD8C2BBA0AD7A5 /* CoinSaver */;
			targetProxy = 2EA00AD773304AC4CE429142 /* PBXContainerItemProxy */;
		};
		2EA00F3C1B079DB75B71F584 /* PBXTargetDependency */ = {
			isa = PBXTargetDependency;
			target = 2EA00A486BBD8C2BBA0AD7A5 /* CoinSaver */;
			targetProxy = 2EA004347AB1AA46FB31EDDC /* PBXContainerItemProxy */;
		};
/* End PBXTargetDependency section */

/* Begin XCBuildConfiguration section */
		2EA0035860361AB68298F0BE /* Release */ = {
			isa = XCBuildConfiguration;
			baseConfigurationReference = 9EFEFDDE3AB52C546ADC6D7B /* Pods-CoinSaver.release.xcconfig */;
			buildSettings = {
				ASSETCATALOG_COMPILER_APPICON_NAME = AppIcon;
				ASSETCATALOG_COMPILER_GLOBAL_ACCENT_COLOR_NAME = AccentColor;
				INFOPLIST_FILE = CoinSaver/Info.plist;
				LD_RUNPATH_SEARCH_PATHS = "$(inherited) @executable_path/Frameworks";
				PRODUCT_BUNDLE_IDENTIFIER = hse.CoinSaver;
				PRODUCT_NAME = "$(TARGET_NAME)";
				SWIFT_VERSION = 5.0;
				TARGETED_DEVICE_FAMILY = "1,2";
			};
			name = Release;
		};
		2EA0049E630B6A05F9FAF93C /* Debug */ = {
			isa = XCBuildConfiguration;
			baseConfigurationReference = 99BB027AB7D3FDEC0DCAC269 /* Pods-CoinSaver-CoinSaverUITests.debug.xcconfig */;
			buildSettings = {
				INFOPLIST_FILE = CoinSaverUITests/Info.plist;
				LD_RUNPATH_SEARCH_PATHS = "$(inherited) @executable_path/Frameworks @loader_path/Frameworks";
				PRODUCT_BUNDLE_IDENTIFIER = hse.CoinSaverUITests;
				PRODUCT_NAME = "$(TARGET_NAME)";
				SWIFT_VERSION = 5.0;
				TARGETED_DEVICE_FAMILY = "1,2";
				TEST_TARGET_NAME = CoinSaver;
			};
			name = Debug;
		};
		2EA005B6185E275C4ED30020 /* Debug */ = {
			isa = XCBuildConfiguration;
			baseConfigurationReference = 17FF7D8DC92958D8E90E8A83 /* Pods-CoinSaverTests.debug.xcconfig */;
			buildSettings = {
				BUNDLE_LOADER = "$(BUILT_PRODUCTS_DIR)/CoinSaver.app/CoinSaver";
				INFOPLIST_FILE = CoinSaverTests/Info.plist;
				LD_RUNPATH_SEARCH_PATHS = "$(inherited) @executable_path/Frameworks @loader_path/Frameworks";
				PRODUCT_BUNDLE_IDENTIFIER = hse.CoinSaverTests;
				PRODUCT_NAME = "$(TARGET_NAME)";
				SWIFT_VERSION = 5.0;
				TARGETED_DEVICE_FAMILY = "1,2";
				TEST_HOST = "$(BUNDLE_LOADER)";
			};
			name = Debug;
		};
		2EA005DD3FC3273E18E8EB4C /* Release */ = {
			isa = XCBuildConfiguration;
			baseConfigurationReference = 131BEBB65364B94E88B3D9DA /* Pods-CoinSaverTests.release.xcconfig */;
			buildSettings = {
				BUNDLE_LOADER = "$(BUILT_PRODUCTS_DIR)/CoinSaver.app/CoinSaver";
				INFOPLIST_FILE = CoinSaverTests/Info.plist;
				LD_RUNPATH_SEARCH_PATHS = "$(inherited) @executable_path/Frameworks @loader_path/Frameworks";
				PRODUCT_BUNDLE_IDENTIFIER = hse.CoinSaverTests;
				PRODUCT_NAME = "$(TARGET_NAME)";
				SWIFT_VERSION = 5.0;
				TARGETED_DEVICE_FAMILY = "1,2";
				TEST_HOST = "$(BUNDLE_LOADER)";
			};
			name = Release;
		};
		2EA00686B2DB5022F957B95D /* Debug */ = {
			isa = XCBuildConfiguration;
			buildSettings = {
				ALWAYS_SEARCH_USER_PATHS = NO;
				CLANG_ANALYZER_LOCALIZABILITY_NONLOCALIZED = YES;
				CLANG_ANALYZER_NONNULL = YES;
				CLANG_ANALYZER_NUMBER_OBJECT_CONVERSION = YES_AGGRESSIVE;
				CLANG_CXX_LANGUAGE_STANDARD = "gnu++14";
				CLANG_CXX_LIBRARY = "libc++";
				CLANG_ENABLE_MODULES = YES;
				CLANG_ENABLE_OBJC_ARC = YES;
				CLANG_ENABLE_OBJC_WEAK = YES;
				CLANG_WARN_BLOCK_CAPTURE_AUTORELEASING = YES;
				CLANG_WARN_BOOL_CONVERSION = YES;
				CLANG_WARN_COMMA = YES;
				CLANG_WARN_CONSTANT_CONVERSION = YES;
				CLANG_WARN_DEPRECATED_OBJC_IMPLEMENTATIONS = YES;
				CLANG_WARN_DIRECT_OBJC_ISA_USAGE = YES_ERROR;
				CLANG_WARN_DOCUMENTATION_COMMENTS = YES;
				CLANG_WARN_EMPTY_BODY = YES;
				CLANG_WARN_ENUM_CONVERSION = YES;
				CLANG_WARN_INFINITE_RECURSION = YES;
				CLANG_WARN_INT_CONVERSION = YES;
				CLANG_WARN_NON_LITERAL_NULL_CONVERSION = YES;
				CLANG_WARN_OBJC_IMPLICIT_RETAIN_SELF = YES;
				CLANG_WARN_OBJC_LITERAL_CONVERSION = YES;
				CLANG_WARN_OBJC_ROOT_CLASS = YES_ERROR;
				CLANG_WARN_QUOTED_INCLUDE_IN_FRAMEWORK_HEADER = YES;
				CLANG_WARN_RANGE_LOOP_ANALYSIS = YES;
				CLANG_WARN_STRICT_PROTOTYPES = YES;
				CLANG_WARN_SUSPICIOUS_MOVE = YES;
				CLANG_WARN_UNGUARDED_AVAILABILITY = YES_AGGRESSIVE;
				CLANG_WARN_UNREACHABLE_CODE = YES;
				CLANG_WARN__DUPLICATE_METHOD_MATCH = YES;
				COPY_PHASE_STRIP = NO;
				DEBUG_INFORMATION_FORMAT = dwarf;
				ENABLE_STRICT_OBJC_MSGSEND = YES;
				ENABLE_TESTABILITY = YES;
				GCC_C_LANGUAGE_STANDARD = gnu11;
				GCC_DYNAMIC_NO_PIC = NO;
				GCC_NO_COMMON_BLOCKS = YES;
				GCC_OPTIMIZATION_LEVEL = 0;
				GCC_PREPROCESSOR_DEFINITIONS = (
					"DEBUG=1",
					"$(inherited)",
				);
				GCC_WARN_64_TO_32_BIT_CONVERSION = YES;
				GCC_WARN_ABOUT_RETURN_TYPE = YES_ERROR;
				GCC_WARN_UNDECLARED_SELECTOR = YES;
				GCC_WARN_UNINITIALIZED_AUTOS = YES_AGGRESSIVE;
				GCC_WARN_UNUSED_FUNCTION = YES;
				GCC_WARN_UNUSED_VARIABLE = YES;
				IPHONEOS_DEPLOYMENT_TARGET = 14.0;
				MTL_ENABLE_DEBUG_INFO = INCLUDE_SOURCE;
				MTL_FAST_MATH = YES;
				ONLY_ACTIVE_ARCH = YES;
				SDKROOT = iphoneos;
				SWIFT_ACTIVE_COMPILATION_CONDITIONS = DEBUG;
				SWIFT_OPTIMIZATION_LEVEL = "-Onone";
			};
			name = Debug;
		};
		2EA00A8FAE6709F34E5B9C0B /* Release */ = {
			isa = XCBuildConfiguration;
			baseConfigurationReference = 2029712A98B5A659C1B8739F /* Pods-CoinSaver-CoinSaverUITests.release.xcconfig */;
			buildSettings = {
				INFOPLIST_FILE = CoinSaverUITests/Info.plist;
				LD_RUNPATH_SEARCH_PATHS = "$(inherited) @executable_path/Frameworks @loader_path/Frameworks";
				PRODUCT_BUNDLE_IDENTIFIER = hse.CoinSaverUITests;
				PRODUCT_NAME = "$(TARGET_NAME)";
				SWIFT_VERSION = 5.0;
				TARGETED_DEVICE_FAMILY = "1,2";
				TEST_TARGET_NAME = CoinSaver;
			};
			name = Release;
		};
		2EA00C8D571435F0649BC9D5 /* Debug */ = {
			isa = XCBuildConfiguration;
			baseConfigurationReference = A5D75779BF6977EEC6B2AF24 /* Pods-CoinSaver.debug.xcconfig */;
			buildSettings = {
				ASSETCATALOG_COMPILER_APPICON_NAME = AppIcon;
				ASSETCATALOG_COMPILER_GLOBAL_ACCENT_COLOR_NAME = AccentColor;
				INFOPLIST_FILE = CoinSaver/Info.plist;
				LD_RUNPATH_SEARCH_PATHS = "$(inherited) @executable_path/Frameworks";
				PRODUCT_BUNDLE_IDENTIFIER = hse.CoinSaver;
				PRODUCT_NAME = "$(TARGET_NAME)";
				SWIFT_VERSION = 5.0;
				TARGETED_DEVICE_FAMILY = "1,2";
			};
			name = Debug;
		};
		2EA00E859E274247D4BE6803 /* Release */ = {
			isa = XCBuildConfiguration;
			buildSettings = {
				ALWAYS_SEARCH_USER_PATHS = NO;
				CLANG_ANALYZER_LOCALIZABILITY_NONLOCALIZED = YES;
				CLANG_ANALYZER_NONNULL = YES;
				CLANG_ANALYZER_NUMBER_OBJECT_CONVERSION = YES_AGGRESSIVE;
				CLANG_CXX_LANGUAGE_STANDARD = "gnu++14";
				CLANG_CXX_LIBRARY = "libc++";
				CLANG_ENABLE_MODULES = YES;
				CLANG_ENABLE_OBJC_ARC = YES;
				CLANG_ENABLE_OBJC_WEAK = YES;
				CLANG_WARN_BLOCK_CAPTURE_AUTORELEASING = YES;
				CLANG_WARN_BOOL_CONVERSION = YES;
				CLANG_WARN_COMMA = YES;
				CLANG_WARN_CONSTANT_CONVERSION = YES;
				CLANG_WARN_DEPRECATED_OBJC_IMPLEMENTATIONS = YES;
				CLANG_WARN_DIRECT_OBJC_ISA_USAGE = YES_ERROR;
				CLANG_WARN_DOCUMENTATION_COMMENTS = YES;
				CLANG_WARN_EMPTY_BODY = YES;
				CLANG_WARN_ENUM_CONVERSION = YES;
				CLANG_WARN_INFINITE_RECURSION = YES;
				CLANG_WARN_INT_CONVERSION = YES;
				CLANG_WARN_NON_LITERAL_NULL_CONVERSION = YES;
				CLANG_WARN_OBJC_IMPLICIT_RETAIN_SELF = YES;
				CLANG_WARN_OBJC_LITERAL_CONVERSION = YES;
				CLANG_WARN_OBJC_ROOT_CLASS = YES_ERROR;
				CLANG_WARN_QUOTED_INCLUDE_IN_FRAMEWORK_HEADER = YES;
				CLANG_WARN_RANGE_LOOP_ANALYSIS = YES;
				CLANG_WARN_STRICT_PROTOTYPES = YES;
				CLANG_WARN_SUSPICIOUS_MOVE = YES;
				CLANG_WARN_UNGUARDED_AVAILABILITY = YES_AGGRESSIVE;
				CLANG_WARN_UNREACHABLE_CODE = YES;
				CLANG_WARN__DUPLICATE_METHOD_MATCH = YES;
				COPY_PHASE_STRIP = NO;
				DEBUG_INFORMATION_FORMAT = "dwarf-with-dsym";
				ENABLE_NS_ASSERTIONS = NO;
				ENABLE_STRICT_OBJC_MSGSEND = YES;
				GCC_C_LANGUAGE_STANDARD = gnu11;
				GCC_NO_COMMON_BLOCKS = YES;
				GCC_WARN_64_TO_32_BIT_CONVERSION = YES;
				GCC_WARN_ABOUT_RETURN_TYPE = YES_ERROR;
				GCC_WARN_UNDECLARED_SELECTOR = YES;
				GCC_WARN_UNINITIALIZED_AUTOS = YES_AGGRESSIVE;
				GCC_WARN_UNUSED_FUNCTION = YES;
				GCC_WARN_UNUSED_VARIABLE = YES;
				IPHONEOS_DEPLOYMENT_TARGET = 14.0;
				MTL_ENABLE_DEBUG_INFO = NO;
				MTL_FAST_MATH = YES;
				SDKROOT = iphoneos;
				SWIFT_OPTIMIZATION_LEVEL = "-Owholemodule";
				VALIDATE_PRODUCT = YES;
			};
			name = Release;
		};
/* End XCBuildConfiguration section */

/* Begin XCConfigurationList section */
		2EA0055A8C0F7513403E8929 /* Build configuration list for PBXNativeTarget "CoinSaverUITests" */ = {
			isa = XCConfigurationList;
			buildConfigurations = (
				2EA0049E630B6A05F9FAF93C /* Debug */,
				2EA00A8FAE6709F34E5B9C0B /* Release */,
			);
			defaultConfigurationIsVisible = 0;
			defaultConfigurationName = Release;
		};
		2EA006C6477609CD0983E193 /* Build configuration list for PBXNativeTarget "CoinSaverTests" */ = {
			isa = XCConfigurationList;
			buildConfigurations = (
				2EA005B6185E275C4ED30020 /* Debug */,
				2EA005DD3FC3273E18E8EB4C /* Release */,
			);
			defaultConfigurationIsVisible = 0;
			defaultConfigurationName = Release;
		};
		2EA00A8AA08F37D7C0A36A28 /* Build configuration list for PBXNativeTarget "CoinSaver" */ = {
			isa = XCConfigurationList;
			buildConfigurations = (
				2EA00C8D571435F0649BC9D5 /* Debug */,
				2EA0035860361AB68298F0BE /* Release */,
			);
			defaultConfigurationIsVisible = 0;
			defaultConfigurationName = Release;
		};
		2EA00F967115B8027D4A31AA /* Build configuration list for PBXProject "CoinSaver" */ = {
			isa = XCConfigurationList;
			buildConfigurations = (
				2EA00686B2DB5022F957B95D /* Debug */,
				2EA00E859E274247D4BE6803 /* Release */,
			);
			defaultConfigurationIsVisible = 0;
			defaultConfigurationName = Release;
		};
/* End XCConfigurationList section */
	};
	rootObject = 2EA003D145B0A960B3C59412 /* Project object */;
}
